
Microsoft Visual Studio Solution File, Format Version 12.00
# Visual Studio Version 16
VisualStudioVersion = 16.0.31112.23
MinimumVisualStudioVersion = 10.0.40219.1
Project("{8BC9CEB8-8B4A-11D0-8D11-00A0C91BC942}") = "Project1", "Project1.vcxproj", "{6E56FC91-C4F0-4C6B-9D04-1ADED8319387}"
EndProject
Global
	GlobalSection(SolutionConfigurationPlatforms) = preSolution
		Debug|x64 = Debug|x64
		Debug|x86 = Debug|x86
		Release|x64 = Release|x64
		Release|x86 = Release|x86
	EndGlobalSection
	GlobalSection(ProjectConfigurationPlatforms) = postSolution
		{6E56FC91-C4F0-4C6B-9D04-1ADED8319387}.Debug|x64.ActiveCfg = Debug|x64
		{6E56FC91-C4F0-4C6B-9D04-1ADED8319387}.Debug|x64.Build.0 = Debug|x64
		{6E56FC91-C4F0-4C6B-9D04-1ADED8319387}.Debug|x86.ActiveCfg = Debug|Win32
		{6E56FC91-C4F0-4C6B-9D04-1ADED8319387}.Debug|x86.Build.0 = Debug|Win32
		{6E56FC91-C4F0-4C6B-9D04-1ADED8319387}.Release|x64.ActiveCfg = Release|x64
		{6E56FC91-C4F0-4C6B-9D04-1ADED8319387}.Release|x64.Build.0 = Release|x64
		{6E56FC91-C4F0-4C6B-9D04-1ADED8319387}.Release|x86.ActiveCfg = Release|Win32
		{6E56FC91-C4F0-4C6B-9D04-1ADED8319387}.Release|x86.Build.0 = Release|Win32
	EndGlobalSection
	GlobalSection(SolutionProperties) = preSolution
		HideSolutionNode = FALSE
	EndGlobalSection
	GlobalSection(ExtensibilityGlobals) = postSolution
		SolutionGuid = {5DDABC4E-24A9-42EB-94E5-B1344A7BA747}
	EndGlobalSection
EndGlobal
